// !$*UTF8*$!
{
	archiveVersion = 1;
	classes = {
	};
	objectVersion = 50;
	objects = {

/* Begin PBXBuildFile section */
		3C380EEA20E21673009A26FB /* AppDelegate.swift in Sources */ = {isa = PBXBuildFile; fileRef = 3C380EE920E21673009A26FB /* AppDelegate.swift */; };
		3C380EEC20E21673009A26FB /* ViewController.swift in Sources */ = {isa = PBXBuildFile; fileRef = 3C380EEB20E21673009A26FB /* ViewController.swift */; };
		3C380EEE20E21674009A26FB /* Assets.xcassets in Resources */ = {isa = PBXBuildFile; fileRef = 3C380EED20E21674009A26FB /* Assets.xcassets */; };
		3C380EF120E21674009A26FB /* Main.storyboard in Resources */ = {isa = PBXBuildFile; fileRef = 3C380EEF20E21674009A26FB /* Main.storyboard */; };
		3C380EFD20E21674009A26FB /* TablesTests.swift in Sources */ = {isa = PBXBuildFile; fileRef = 3C380EFC20E21674009A26FB /* TablesTests.swift */; };
		3C380F0820E217C4009A26FB /* ColorView.swift in Sources */ = {isa = PBXBuildFile; fileRef = 3C380F0720E217C4009A26FB /* ColorView.swift */; };
/* End PBXBuildFile section */

/* Begin PBXContainerItemProxy section */
		3C380EF920E21674009A26FB /* PBXContainerItemProxy */ = {
			isa = PBXContainerItemProxy;
			containerPortal = 3C380EDE20E21673009A26FB /* Project object */;
			proxyType = 1;
			remoteGlobalIDString = 3C380EE520E21673009A26FB;
			remoteInfo = Tables;
		};
/* End PBXContainerItemProxy section */

/* Begin PBXFileReference section */
		3C380EE620E21673009A26FB /* Tables.app */ = {isa = PBXFileReference; explicitFileType = wrapper.application; includeInIndex = 0; path = Tables.app; sourceTree = BUILT_PRODUCTS_DIR; };
		3C380EE920E21673009A26FB /* AppDelegate.swift */ = {isa = PBXFileReference; lastKnownFileType = sourcecode.swift; path = AppDelegate.swift; sourceTree = "<group>"; };
		3C380EEB20E21673009A26FB /* ViewController.swift */ = {isa = PBXFileReference; lastKnownFileType = sourcecode.swift; path = ViewController.swift; sourceTree = "<group>"; };
		3C380EED20E21674009A26FB /* Assets.xcassets */ = {isa = PBXFileReference; lastKnownFileType = folder.assetcatalog; path = Assets.xcassets; sourceTree = "<group>"; };
		3C380EF020E21674009A26FB /* Base */ = {isa = PBXFileReference; lastKnownFileType = file.storyboard; name = Base; path = Base.lproj/Main.storyboard; sourceTree = "<group>"; };
		3C380EF220E21674009A26FB /* Info.plist */ = {isa = PBXFileReference; lastKnownFileType = text.plist.xml; path = Info.plist; sourceTree = "<group>"; };
		3C380EF320E21674009A26FB /* Tables.entitlements */ = {isa = PBXFileReference; lastKnownFileType = text.plist.entitlements; path = Tables.entitlements; sourceTree = "<group>"; };
		3C380EF820E21674009A26FB /* TablesTests.xctest */ = {isa = PBXFileReference; explicitFileType = wrapper.cfbundle; includeInIndex = 0; path = TablesTests.xctest; sourceTree = BUILT_PRODUCTS_DIR; };
		3C380EFC20E21674009A26FB /* TablesTests.swift */ = {isa = PBXFileReference; lastKnownFileType = sourcecode.swift; path = TablesTests.swift; sourceTree = "<group>"; };
		3C380EFE20E21674009A26FB /* Info.plist */ = {isa = PBXFileReference; lastKnownFileType = text.plist.xml; path = Info.plist; sourceTree = "<group>"; };
		3C380F0720E217C4009A26FB /* ColorView.swift */ = {isa = PBXFileReference; lastKnownFileType = sourcecode.swift; path = ColorView.swift; sourceTree = "<group>"; };
/* End PBXFileReference section */

/* Begin PBXFrameworksBuildPhase section */
		3C380EE320E21673009A26FB /* Frameworks */ = {
			isa = PBXFrameworksBuildPhase;
			buildActionMask = 2147483647;
			files = (
			);
			runOnlyForDeploymentPostprocessing = 0;
		};
		3C380EF520E21674009A26FB /* Frameworks */ = {
			isa = PBXFrameworksBuildPhase;
			buildActionMask = 2147483647;
			files = (
			);
			runOnlyForDeploymentPostprocessing = 0;
		};
/* End PBXFrameworksBuildPhase section */

/* Begin PBXGroup section */
		3C380EDD20E21673009A26FB = {
			isa = PBXGroup;
			children = (
				3C380EE820E21673009A26FB /* Tables */,
				3C380EFB20E21674009A26FB /* TablesTests */,
				3C380EE720E21673009A26FB /* Products */,
			);
			sourceTree = "<group>";
		};
		3C380EE720E21673009A26FB /* Products */ = {
			isa = PBXGroup;
			children = (
				3C380EE620E21673009A26FB /* Tables.app */,
				3C380EF820E21674009A26FB /* TablesTests.xctest */,
			);
			name = Products;
			sourceTree = "<group>";
		};
		3C380EE820E21673009A26FB /* Tables */ = {
			isa = PBXGroup;
			children = (
				3C380EE920E21673009A26FB /* AppDelegate.swift */,
				3C380EEB20E21673009A26FB /* ViewController.swift */,
				3C380F0720E217C4009A26FB /* ColorView.swift */,
				3C380EED20E21674009A26FB /* Assets.xcassets */,
				3C380EEF20E21674009A26FB /* Main.storyboard */,
				3C380EF220E21674009A26FB /* Info.plist */,
				3C380EF320E21674009A26FB /* Tables.entitlements */,
			);
			path = Tables;
			sourceTree = "<group>";
		};
		3C380EFB20E21674009A26FB /* TablesTests */ = {
			isa = PBXGroup;
			children = (
				3C380EFC20E21674009A26FB /* TablesTests.swift */,
				3C380EFE20E21674009A26FB /* Info.plist */,
			);
			path = TablesTests;
			sourceTree = "<group>";
		};
/* End PBXGroup section */

/* Begin PBXNativeTarget section */
		3C380EE520E21673009A26FB /* Tables */ = {
			isa = PBXNativeTarget;
			buildConfigurationList = 3C380F0120E21674009A26FB /* Build configuration list for PBXNativeTarget "Tables" */;
			buildPhases = (
				3C380EE220E21673009A26FB /* Sources */,
				3C380EE320E21673009A26FB /* Frameworks */,
				3C380EE420E21673009A26FB /* Resources */,
			);
			buildRules = (
			);
			dependencies = (
			);
			name = Tables;
			productName = Tables;
			productReference = 3C380EE620E21673009A26FB /* Tables.app */;
			productType = "com.apple.product-type.application";
		};
		3C380EF720E21674009A26FB /* TablesTests */ = {
			isa = PBXNativeTarget;
			buildConfigurationList = 3C380F0420E21674009A26FB /* Build configuration list for PBXNativeTarget "TablesTests" */;
			buildPhases = (
				3C380EF420E21674009A26FB /* Sources */,
				3C380EF520E21674009A26FB /* Frameworks */,
				3C380EF620E21674009A26FB /* Resources */,
			);
			buildRules = (
			);
			dependencies = (
				3C380EFA20E21674009A26FB /* PBXTargetDependency */,
			);
			name = TablesTests;
			productName = TablesTests;
			productReference = 3C380EF820E21674009A26FB /* TablesTests.xctest */;
			productType = "com.apple.product-type.bundle.unit-test";
		};
/* End PBXNativeTarget section */

/* Begin PBXProject section */
		3C380EDE20E21673009A26FB /* Project object */ = {
			isa = PBXProject;
			attributes = {
				LastSwiftUpdateCheck = 0940;
				LastUpgradeCheck = 0940;
				ORGANIZATIONNAME = "Nima Yousefi";
				TargetAttributes = {
					3C380EE520E21673009A26FB = {
						CreatedOnToolsVersion = 9.4.1;
						SystemCapabilities = {
							com.apple.Sandbox = {
								enabled = 0;
							};
						};
					};
					3C380EF720E21674009A26FB = {
						CreatedOnToolsVersion = 9.4.1;
						TestTargetID = 3C380EE520E21673009A26FB;
					};
				};
			};
			buildConfigurationList = 3C380EE120E21673009A26FB /* Build configuration list for PBXProject "Tables" */;
			compatibilityVersion = "Xcode 9.3";
			developmentRegion = en;
			hasScannedForEncodings = 0;
			knownRegions = (
				en,
				Base,
			);
			mainGroup = 3C380EDD20E21673009A26FB;
			productRefGroup = 3C380EE720E21673009A26FB /* Products */;
			projectDirPath = "";
			projectRoot = "";
			targets = (
				3C380EE520E21673009A26FB /* Tables */,
				3C380EF720E21674009A26FB /* TablesTests */,
			);
		};
/* End PBXProject section */

/* Begin PBXResourcesBuildPhase section */
		3C380EE420E21673009A26FB /* Resources */ = {
			isa = PBXResourcesBuildPhase;
			buildActionMask = 2147483647;
			files = (
				3C380EEE20E21674009A26FB /* Assets.xcassets in Resources */,
				3C380EF120E21674009A26FB /* Main.storyboard in Resources */,
			);
			runOnlyForDeploymentPostprocessing = 0;
		};
		3C380EF620E21674009A26FB /* Resources */ = {
			isa = PBXResourcesBuildPhase;
			buildActionMask = 2147483647;
			files = (
			);
			runOnlyForDeploymentPostprocessing = 0;
		};
/* End PBXResourcesBuildPhase section */

/* Begin PBXSourcesBuildPhase section */
		3C380EE220E21673009A26FB /* Sources */ = {
			isa = PBXSourcesBuildPhase;
			buildActionMask = 2147483647;
			files = (
				3C380F0820E217C4009A26FB /* ColorView.swift in Sources */,
				3C380EEC20E21673009A26FB /* ViewController.swift in Sources */,
				3C380EEA20E21673009A26FB /* AppDelegate.swift in Sources */,
			);
			runOnlyForDeploymentPostprocessing = 0;
		};
		3C380EF420E21674009A26FB /* Sources */ = {
			isa = PBXSourcesBuildPhase;
			buildActionMask = 2147483647;
			files = (
				3C380EFD20E21674009A26FB /* TablesTests.swift in Sources */,
			);
			runOnlyForDeploymentPostprocessing = 0;
		};
/* End PBXSourcesBuildPhase section */

/* Begin PBXTargetDependency section */
		3C380EFA20E21674009A26FB /* PBXTargetDependency */ = {
			isa = PBXTargetDependency;
			target = 3C380EE520E21673009A26FB /* Tables */;
			targetProxy = 3C380EF920E21674009A26FB /* PBXContainerItemProxy */;
		};
/* End PBXTargetDependency section */

/* Begin PBXVariantGroup section */
		3C380EEF20E21674009A26FB /* Main.storyboard */ = {
			isa = PBXVariantGroup;
			children = (
				3C380EF020E21674009A26FB /* Base */,
			);
			name = Main.storyboard;
			sourceTree = "<group>";
		};
/* End PBXVariantGroup section */

/* Begin XCBuildConfiguration section */
		3C380EFF20E21674009A26FB /* Debug */ = {
			isa = XCBuildConfiguration;
			buildSettings = {
				ALWAYS_SEARCH_USER_PATHS = NO;
				CLANG_ANALYZER_NONNULL = YES;
				CLANG_ANALYZER_NUMBER_OBJECT_CONVERSION = YES_AGGRESSIVE;
				CLANG_CXX_LANGUAGE_STANDARD = "gnu++14";
				CLANG_CXX_LIBRARY = "libc++";
				CLANG_ENABLE_MODULES = YES;
				CLANG_ENABLE_OBJC_ARC = YES;
				CLANG_ENABLE_OBJC_WEAK = YES;
				CLANG_WARN_BLOCK_CAPTURE_AUTORELEASING = YES;
				CLANG_WARN_BOOL_CONVERSION = YES;
				CLANG_WARN_COMMA = YES;
				CLANG_WARN_CONSTANT_CONVERSION = YES;
				CLANG_WARN_DEPRECATED_OBJC_IMPLEMENTATIONS = YES;
				CLANG_WARN_DIRECT_OBJC_ISA_USAGE = YES_ERROR;
				CLANG_WARN_DOCUMENTATION_COMMENTS = YES;
				CLANG_WARN_EMPTY_BODY = YES;
				CLANG_WARN_ENUM_CONVERSION = YES;
				CLANG_WARN_INFINITE_RECURSION = YES;
				CLANG_WARN_INT_CONVERSION = YES;
				CLANG_WARN_NON_LITERAL_NULL_CONVERSION = YES;
				CLANG_WARN_OBJC_IMPLICIT_RETAIN_SELF = YES;
				CLANG_WARN_OBJC_LITERAL_CONVERSION = YES;
				CLANG_WARN_OBJC_ROOT_CLASS = YES_ERROR;
				CLANG_WARN_RANGE_LOOP_ANALYSIS = YES;
				CLANG_WARN_STRICT_PROTOTYPES = YES;
				CLANG_WARN_SUSPICIOUS_MOVE = YES;
				CLANG_WARN_UNGUARDED_AVAILABILITY = YES_AGGRESSIVE;
				CLANG_WARN_UNREACHABLE_CODE = YES;
				CLANG_WARN__DUPLICATE_METHOD_MATCH = YES;
				CODE_SIGN_IDENTITY = "Mac Developer";
				COPY_PHASE_STRIP = NO;
				DEBUG_INFORMATION_FORMAT = dwarf;
				ENABLE_STRICT_OBJC_MSGSEND = YES;
				ENABLE_TESTABILITY = YES;
				GCC_C_LANGUAGE_STANDARD = gnu11;
				GCC_DYNAMIC_NO_PIC = NO;
				GCC_NO_COMMON_BLOCKS = YES;
				GCC_OPTIMIZATION_LEVEL = 0;
				GCC_PREPROCESSOR_DEFINITIONS = (
					"DEBUG=1",
					"$(inherited)",
				);
				GCC_WARN_64_TO_32_BIT_CONVERSION = YES;
				GCC_WARN_ABOUT_RETURN_TYPE = YES_ERROR;
				GCC_WARN_UNDECLARED_SELECTOR = YES;
				GCC_WARN_UNINITIALIZED_AUTOS = YES_AGGRESSIVE;
				GCC_WARN_UNUSED_FUNCTION = YES;
				GCC_WARN_UNUSED_VARIABLE = YES;
				MACOSX_DEPLOYMENT_TARGET = 10.13;
				MTL_ENABLE_DEBUG_INFO = YES;
				ONLY_ACTIVE_ARCH = YES;
				SDKROOT = macosx;
				SWIFT_ACTIVE_COMPILATION_CONDITIONS = DEBUG;
				SWIFT_OPTIMIZATION_LEVEL = "-Onone";
			};
			name = Debug;
		};
		3C380F0020E21674009A26FB /* Release */ = {
			isa = XCBuildConfiguration;
			buildSettings = {
				ALWAYS_SEARCH_USER_PATHS = NO;
				CLANG_ANALYZER_NONNULL = YES;
				CLANG_ANALYZER_NUMBER_OBJECT_CONVERSION = YES_AGGRESSIVE;
				CLANG_CXX_LANGUAGE_STANDARD = "gnu++14";
				CLANG_CXX_LIBRARY = "libc++";
				CLANG_ENABLE_MODULES = YES;
				CLANG_ENABLE_OBJC_ARC = YES;
				CLANG_ENABLE_OBJC_WEAK = YES;
				CLANG_WARN_BLOCK_CAPTURE_AUTORELEASING = YES;
				CLANG_WARN_BOOL_CONVERSION = YES;
				CLANG_WARN_COMMA = YES;
				CLANG_WARN_CONSTANT_CONVERSION = YES;
				CLANG_WARN_DEPRECATED_OBJC_IMPLEMENTATIONS = YES;
				CLANG_WARN_DIRECT_OBJC_ISA_USAGE = YES_ERROR;
				CLANG_WARN_DOCUMENTATION_COMMENTS = YES;
				CLANG_WARN_EMPTY_BODY = YES;
				CLANG_WARN_ENUM_CONVERSION = YES;
				CLANG_WARN_INFINITE_RECURSION = YES;
				CLANG_WARN_INT_CONVERSION = YES;
				CLANG_WARN_NON_LITERAL_NULL_CONVERSION = YES;
				CLANG_WARN_OBJC_IMPLICIT_RETAIN_SELF = YES;
				CLANG_WARN_OBJC_LITERAL_CONVERSION = YES;
				CLANG_WARN_OBJC_ROOT_CLASS = YES_ERROR;
				CLANG_WARN_RANGE_LOOP_ANALYSIS = YES;
				CLANG_WARN_STRICT_PROTOTYPES = YES;
				CLANG_WARN_SUSPICIOUS_MOVE = YES;
				CLANG_WARN_UNGUARDED_AVAILABILITY = YES_AGGRESSIVE;
				CLANG_WARN_UNREACHABLE_CODE = YES;
				CLANG_WARN__DUPLICATE_METHOD_MATCH = YES;
				CODE_SIGN_IDENTITY = "Mac Developer";
				COPY_PHASE_STRIP = NO;
				DEBUG_INFORMATION_FORMAT = "dwarf-with-dsym";
				ENABLE_NS_ASSERTIONS = NO;
				ENABLE_STRICT_OBJC_MSGSEND = YES;
				GCC_C_LANGUAGE_STANDARD = gnu11;
				GCC_NO_COMMON_BLOCKS = YES;
				GCC_WARN_64_TO_32_BIT_CONVERSION = YES;
				GCC_WARN_ABOUT_RETURN_TYPE = YES_ERROR;
				GCC_WARN_UNDECLARED_SELECTOR = YES;
				GCC_WARN_UNINITIALIZED_AUTOS = YES_AGGRESSIVE;
				GCC_WARN_UNUSED_FUNCTION = YES;
				GCC_WARN_UNUSED_VARIABLE = YES;
				MACOSX_DEPLOYMENT_TARGET = 10.13;
				MTL_ENABLE_DEBUG_INFO = NO;
				SDKROOT = macosx;
				SWIFT_COMPILATION_MODE = wholemodule;
				SWIFT_OPTIMIZATION_LEVEL = "-O";
			};
			name = Release;
		};
		3C380F0220E21674009A26FB /* Debug */ = {
			isa = XCBuildConfiguration;
			buildSettings = {
				ASSETCATALOG_COMPILER_APPICON_NAME = AppIcon;
				CODE_SIGN_IDENTITY = "";
				CODE_SIGN_INJECT_BASE_ENTITLEMENTS = NO;
				CODE_SIGN_STYLE = Manual;
				COMBINE_HIDPI_IMAGES = YES;
				DEVELOPMENT_TEAM = "";
				INFOPLIST_FILE = Tables/Info.plist;
				LD_RUNPATH_SEARCH_PATHS = (
					"$(inherited)",
					"@executable_path/../Frameworks",
				);
				PRODUCT_BUNDLE_IDENTIFIER = com.nimayousefi.Tables;
				PRODUCT_NAME = "$(TARGET_NAME)";
				PROVISIONING_PROFILE_SPECIFIER = "";
				SWIFT_VERSION = 4.0;
			};
			name = Debug;
		};
		3C380F0320E21674009A26FB /* Release */ = {
			isa = XCBuildConfiguration;
			buildSettings = {
				ASSETCATALOG_COMPILER_APPICON_NAME = AppIcon;
				CODE_SIGN_IDENTITY = "";
				CODE_SIGN_INJECT_BASE_ENTITLEMENTS = NO;
				CODE_SIGN_STYLE = Manual;
				COMBINE_HIDPI_IMAGES = YES;
				DEVELOPMENT_TEAM = "";
				INFOPLIST_FILE = Tables/Info.plist;
				LD_RUNPATH_SEARCH_PATHS = (
					"$(inherited)",
					"@executable_path/../Frameworks",
				);
				PRODUCT_BUNDLE_IDENTIFIER = com.nimayousefi.Tables;
				PRODUCT_NAME = "$(TARGET_NAME)";
				PROVISIONING_PROFILE_SPECIFIER = "";
				SWIFT_VERSION = 4.0;
			};
			name = Release;
		};
		3C380F0520E21674009A26FB /* Debug */ = {
			isa = XCBuildConfiguration;
			buildSettings = {
				ALWAYS_EMBED_SWIFT_STANDARD_LIBRARIES = YES;
				BUNDLE_LOADER = "$(TEST_HOST)";
				CODE_SIGN_STYLE = Automatic;
				COMBINE_HIDPI_IMAGES = YES;
				DEVELOPMENT_TEAM = 97DS5G37YC;
				INFOPLIST_FILE = TablesTests/Info.plist;
				LD_RUNPATH_SEARCH_PATHS = (
					"$(inherited)",
					"@executable_path/../Frameworks",
					"@loader_path/../Frameworks",
				);
				PRODUCT_BUNDLE_IDENTIFIER = com.nimayousefi.TablesTests;
				PRODUCT_NAME = "$(TARGET_NAME)";
				SWIFT_VERSION = 4.0;
				TEST_HOST = "$(BUILT_PRODUCTS_DIR)/Tables.app/Contents/MacOS/Tables";
			};
			name = Debug;
		};
		3C380F0620E21674009A26FB /* Release */ = {
			isa = XCBuildConfiguration;
			buildSettings = {
				ALWAYS_EMBED_SWIFT_STANDARD_LIBRARIES = YES;
				BUNDLE_LOADER = "$(TEST_HOST)";
				CODE_SIGN_STYLE = Automatic;
				COMBINE_HIDPI_IMAGES = YES;
				DEVELOPMENT_TEAM = 97DS5G37YC;
				INFOPLIST_FILE = TablesTests/Info.plist;
				LD_RUNPATH_SEARCH_PATHS = (
					"$(inherited)",
					"@executable_path/../Frameworks",
					"@loader_path/../Frameworks",
				);
				PRODUCT_BUNDLE_IDENTIFIER = com.nimayousefi.TablesTests;
				PRODUCT_NAME = "$(TARGET_NAME)";
				SWIFT_VERSION = 4.0;
				TEST_HOST = "$(BUILT_PRODUCTS_DIR)/Tables.app/Contents/MacOS/Tables";
			};
			name = Release;
		};
/* End XCBuildConfiguration section */

/* Begin XCConfigurationList section */
		3C380EE120E21673009A26FB /* Build configuration list for PBXProject "Tables" */ = {
			isa = XCConfigurationList;
			buildConfigurations = (
				3C380EFF20E21674009A26FB /* Debug */,
				3C380F0020E21674009A26FB /* Release */,
			);
			defaultConfigurationIsVisible = 0;
			defaultConfigurationName = Release;
		};
		3C380F0120E21674009A26FB /* Build configuration list for PBXNativeTarget "Tables" */ = {
			isa = XCConfigurationList;
			buildConfigurations = (
				3C380F0220E21674009A26FB /* Debug */,
				3C380F0320E21674009A26FB /* Release */,
			);
			defaultConfigurationIsVisible = 0;
			defaultConfigurationName = Release;
		};
		3C380F0420E21674009A26FB /* Build configuration list for PBXNativeTarget "TablesTests" */ = {
			isa = XCConfigurationList;
			buildConfigurations = (
				3C380F0520E21674009A26FB /* Debug */,
				3C380F0620E21674009A26FB /* Release */,
			);
			defaultConfigurationIsVisible = 0;
			defaultConfigurationName = Release;
		};
/* End XCConfigurationList section */
	};
	rootObject = 3C380EDE20E21673009A26FB /* Project object */;
}
